
Microsoft Visual Studio Solution File, Format Version 12.00
# Visual Studio 15
VisualStudioVersion = 15.0.26124.0
MinimumVisualStudioVersion = 15.0.26124.0
Project("{2150E333-8FDC-42A3-9474-1A3956D46DE8}") = "src", "src", "{44CD8DE0-D05E-4D5E-89CD-581B4835A934}"
	ProjectSection(SolutionItems) = preProject
		partner.fish = partner.fish
		temp.graph = temp.graph
	EndProjectSection
EndProject
Project("{F2A71F9B-5D33-465A-A702-920D77279786}") = "FoxyBalance.Server", "src\FoxyBalance.Server\FoxyBalance.Server.fsproj", "{CD189A9D-C2C5-458A-AA58-5872B1BF717B}"
EndProject
Project("{F2A71F9B-5D33-465A-A702-920D77279786}") = "FoxyBalance.Database", "src\FoxyBalance.Database\FoxyBalance.Database.fsproj", "{86DCD55B-90BA-4BC3-B4E1-0EC5AF88469E}"
EndProject
Project("{F2A71F9B-5D33-465A-A702-920D77279786}") = "FoxyBalance.Migrations", "src\FoxyBalance.Migrations\FoxyBalance.Migrations.fsproj", "{C400E291-8D27-4E5A-A52D-220E07D27BB2}"
EndProject
Project("{F2A71F9B-5D33-465A-A702-920D77279786}") = "FoxyBalance.Sync", "src\FoxyBalance.Sync\FoxyBalance.Sync.fsproj", "{0B96CDA3-F106-492A-98EE-7AA6F0063960}"
EndProject
Project("{F2A71F9B-5D33-465A-A702-920D77279786}") = "FoxyBalance.Migrator", "src\FoxyBalance.Migrator\FoxyBalance.Migrator.fsproj", "{C7A23921-49C0-4AA6-9A42-159550B8076B}"
EndProject
Project("{2150E333-8FDC-42A3-9474-1A3956D46DE8}") = "tests", "tests", "{8ED2EFA6-7187-4A83-A2A8-2F7CB4D8DF57}"
EndProject
Project("{F2A71F9B-5D33-465A-A702-920D77279786}") = "FoxyBalance.Sync.Tests", "tests\FoxyBalance.Sync.Tests\FoxyBalance.Sync.Tests.fsproj", "{69436BF3-4682-45EA-B03B-6ED152C35192}"
EndProject
Global
	GlobalSection(SolutionConfigurationPlatforms) = preSolution
		Debug|Any CPU = Debug|Any CPU
		Debug|x64 = Debug|x64
		Debug|x86 = Debug|x86
		Release|Any CPU = Release|Any CPU
		Release|x64 = Release|x64
		Release|x86 = Release|x86
	EndGlobalSection
	GlobalSection(SolutionProperties) = preSolution
		HideSolutionNode = FALSE
	EndGlobalSection
	GlobalSection(ProjectConfigurationPlatforms) = postSolution
		{CD189A9D-C2C5-458A-AA58-5872B1BF717B}.Debug|Any CPU.ActiveCfg = Debug|Any CPU
		{CD189A9D-C2C5-458A-AA58-5872B1BF717B}.Debug|Any CPU.Build.0 = Debug|Any CPU
		{CD189A9D-C2C5-458A-AA58-5872B1BF717B}.Debug|x64.ActiveCfg = Debug|Any CPU
		{CD189A9D-C2C5-458A-AA58-5872B1BF717B}.Debug|x64.Build.0 = Debug|Any CPU
		{CD189A9D-C2C5-458A-AA58-5872B1BF717B}.Debug|x86.ActiveCfg = Debug|Any CPU
		{CD189A9D-C2C5-458A-AA58-5872B1BF717B}.Debug|x86.Build.0 = Debug|Any CPU
		{CD189A9D-C2C5-458A-AA58-5872B1BF717B}.Release|Any CPU.ActiveCfg = Release|Any CPU
		{CD189A9D-C2C5-458A-AA58-5872B1BF717B}.Release|Any CPU.Build.0 = Release|Any CPU
		{CD189A9D-C2C5-458A-AA58-5872B1BF717B}.Release|x64.ActiveCfg = Release|Any CPU
		{CD189A9D-C2C5-458A-AA58-5872B1BF717B}.Release|x64.Build.0 = Release|Any CPU
		{CD189A9D-C2C5-458A-AA58-5872B1BF717B}.Release|x86.ActiveCfg = Release|Any CPU
		{CD189A9D-C2C5-458A-AA58-5872B1BF717B}.Release|x86.Build.0 = Release|Any CPU
		{86DCD55B-90BA-4BC3-B4E1-0EC5AF88469E}.Debug|Any CPU.ActiveCfg = Debug|Any CPU
		{86DCD55B-90BA-4BC3-B4E1-0EC5AF88469E}.Debug|Any CPU.Build.0 = Debug|Any CPU
		{86DCD55B-90BA-4BC3-B4E1-0EC5AF88469E}.Debug|x64.ActiveCfg = Debug|Any CPU
		{86DCD55B-90BA-4BC3-B4E1-0EC5AF88469E}.Debug|x64.Build.0 = Debug|Any CPU
		{86DCD55B-90BA-4BC3-B4E1-0EC5AF88469E}.Debug|x86.ActiveCfg = Debug|Any CPU
		{86DCD55B-90BA-4BC3-B4E1-0EC5AF88469E}.Debug|x86.Build.0 = Debug|Any CPU
		{86DCD55B-90BA-4BC3-B4E1-0EC5AF88469E}.Release|Any CPU.ActiveCfg = Release|Any CPU
		{86DCD55B-90BA-4BC3-B4E1-0EC5AF88469E}.Release|Any CPU.Build.0 = Release|Any CPU
		{86DCD55B-90BA-4BC3-B4E1-0EC5AF88469E}.Release|x64.ActiveCfg = Release|Any CPU
		{86DCD55B-90BA-4BC3-B4E1-0EC5AF88469E}.Release|x64.Build.0 = Release|Any CPU
		{86DCD55B-90BA-4BC3-B4E1-0EC5AF88469E}.Release|x86.ActiveCfg = Release|Any CPU
		{86DCD55B-90BA-4BC3-B4E1-0EC5AF88469E}.Release|x86.Build.0 = Release|Any CPU
		{C400E291-8D27-4E5A-A52D-220E07D27BB2}.Debug|Any CPU.ActiveCfg = Debug|Any CPU
		{C400E291-8D27-4E5A-A52D-220E07D27BB2}.Debug|Any CPU.Build.0 = Debug|Any CPU
		{C400E291-8D27-4E5A-A52D-220E07D27BB2}.Debug|x64.ActiveCfg = Debug|Any CPU
		{C400E291-8D27-4E5A-A52D-220E07D27BB2}.Debug|x64.Build.0 = Debug|Any CPU
		{C400E291-8D27-4E5A-A52D-220E07D27BB2}.Debug|x86.ActiveCfg = Debug|Any CPU
		{C400E291-8D27-4E5A-A52D-220E07D27BB2}.Debug|x86.Build.0 = Debug|Any CPU
		{C400E291-8D27-4E5A-A52D-220E07D27BB2}.Release|Any CPU.ActiveCfg = Release|Any CPU
		{C400E291-8D27-4E5A-A52D-220E07D27BB2}.Release|Any CPU.Build.0 = Release|Any CPU
		{C400E291-8D27-4E5A-A52D-220E07D27BB2}.Release|x64.ActiveCfg = Release|Any CPU
		{C400E291-8D27-4E5A-A52D-220E07D27BB2}.Release|x64.Build.0 = Release|Any CPU
		{C400E291-8D27-4E5A-A52D-220E07D27BB2}.Release|x86.ActiveCfg = Release|Any CPU
		{C400E291-8D27-4E5A-A52D-220E07D27BB2}.Release|x86.Build.0 = Release|Any CPU
		{0B96CDA3-F106-492A-98EE-7AA6F0063960}.Debug|Any CPU.ActiveCfg = Debug|Any CPU
		{0B96CDA3-F106-492A-98EE-7AA6F0063960}.Debug|Any CPU.Build.0 = Debug|Any CPU
		{0B96CDA3-F106-492A-98EE-7AA6F0063960}.Debug|x64.ActiveCfg = Debug|Any CPU
		{0B96CDA3-F106-492A-98EE-7AA6F0063960}.Debug|x64.Build.0 = Debug|Any CPU
		{0B96CDA3-F106-492A-98EE-7AA6F0063960}.Debug|x86.ActiveCfg = Debug|Any CPU
		{0B96CDA3-F106-492A-98EE-7AA6F0063960}.Debug|x86.Build.0 = Debug|Any CPU
		{0B96CDA3-F106-492A-98EE-7AA6F0063960}.Release|Any CPU.ActiveCfg = Release|Any CPU
		{0B96CDA3-F106-492A-98EE-7AA6F0063960}.Release|Any CPU.Build.0 = Release|Any CPU
		{0B96CDA3-F106-492A-98EE-7AA6F0063960}.Release|x64.ActiveCfg = Release|Any CPU
		{0B96CDA3-F106-492A-98EE-7AA6F0063960}.Release|x64.Build.0 = Release|Any CPU
		{0B96CDA3-F106-492A-98EE-7AA6F0063960}.Release|x86.ActiveCfg = Release|Any CPU
		{0B96CDA3-F106-492A-98EE-7AA6F0063960}.Release|x86.Build.0 = Release|Any CPU
		{C7A23921-49C0-4AA6-9A42-159550B8076B}.Debug|Any CPU.ActiveCfg = Debug|Any CPU
		{C7A23921-49C0-4AA6-9A42-159550B8076B}.Debug|Any CPU.Build.0 = Debug|Any CPU
		{C7A23921-49C0-4AA6-9A42-159550B8076B}.Debug|x64.ActiveCfg = Debug|Any CPU
		{C7A23921-49C0-4AA6-9A42-159550B8076B}.Debug|x64.Build.0 = Debug|Any CPU
		{C7A23921-49C0-4AA6-9A42-159550B8076B}.Debug|x86.ActiveCfg = Debug|Any CPU
		{C7A23921-49C0-4AA6-9A42-159550B8076B}.Debug|x86.Build.0 = Debug|Any CPU
		{C7A23921-49C0-4AA6-9A42-159550B8076B}.Release|Any CPU.ActiveCfg = Release|Any CPU
		{C7A23921-49C0-4AA6-9A42-159550B8076B}.Release|Any CPU.Build.0 = Release|Any CPU
		{C7A23921-49C0-4AA6-9A42-159550B8076B}.Release|x64.ActiveCfg = Release|Any CPU
		{C7A23921-49C0-4AA6-9A42-159550B8076B}.Release|x64.Build.0 = Release|Any CPU
		{C7A23921-49C0-4AA6-9A42-159550B8076B}.Release|x86.ActiveCfg = Release|Any CPU
		{C7A23921-49C0-4AA6-9A42-159550B8076B}.Release|x86.Build.0 = Release|Any CPU
		{69436BF3-4682-45EA-B03B-6ED152C35192}.Debug|Any CPU.ActiveCfg = Debug|Any CPU
		{69436BF3-4682-45EA-B03B-6ED152C35192}.Debug|Any CPU.Build.0 = Debug|Any CPU
		{69436BF3-4682-45EA-B03B-6ED152C35192}.Debug|x64.ActiveCfg = Debug|Any CPU
		{69436BF3-4682-45EA-B03B-6ED152C35192}.Debug|x64.Build.0 = Debug|Any CPU
		{69436BF3-4682-45EA-B03B-6ED152C35192}.Debug|x86.ActiveCfg = Debug|Any CPU
		{69436BF3-4682-45EA-B03B-6ED152C35192}.Debug|x86.Build.0 = Debug|Any CPU
		{69436BF3-4682-45EA-B03B-6ED152C35192}.Release|Any CPU.ActiveCfg = Release|Any CPU
		{69436BF3-4682-45EA-B03B-6ED152C35192}.Release|Any CPU.Build.0 = Release|Any CPU
		{69436BF3-4682-45EA-B03B-6ED152C35192}.Release|x64.ActiveCfg = Release|Any CPU
		{69436BF3-4682-45EA-B03B-6ED152C35192}.Release|x64.Build.0 = Release|Any CPU
		{69436BF3-4682-45EA-B03B-6ED152C35192}.Release|x86.ActiveCfg = Release|Any CPU
		{69436BF3-4682-45EA-B03B-6ED152C35192}.Release|x86.Build.0 = Release|Any CPU
	EndGlobalSection
	GlobalSection(NestedProjects) = preSolution
		{CD189A9D-C2C5-458A-AA58-5872B1BF717B} = {44CD8DE0-D05E-4D5E-89CD-581B4835A934}
		{86DCD55B-90BA-4BC3-B4E1-0EC5AF88469E} = {44CD8DE0-D05E-4D5E-89CD-581B4835A934}
		{C400E291-8D27-4E5A-A52D-220E07D27BB2} = {44CD8DE0-D05E-4D5E-89CD-581B4835A934}
		{0B96CDA3-F106-492A-98EE-7AA6F0063960} = {44CD8DE0-D05E-4D5E-89CD-581B4835A934}
		{C7A23921-49C0-4AA6-9A42-159550B8076B} = {44CD8DE0-D05E-4D5E-89CD-581B4835A934}
		{69436BF3-4682-45EA-B03B-6ED152C35192} = {8ED2EFA6-7187-4A83-A2A8-2F7CB4D8DF57}
	EndGlobalSection
EndGlobal
